PODS:
  - Masonry (1.1.0)
  - SJMediaCacheServer (2.1.6):
    - SJMediaCacheServer/Core (= 2.1.6)
    - SJUIKit/SQLite3
  - SJMediaCacheServer/Core (2.1.6):
    - SJUIKit/SQLite3
  - SJUIKit/SQLite3 (0.0.0.59):
    - SJUIKit/SQLite3/Core (= 0.0.0.59)
    - SJUIKit/SQLite3/Protocol (= 0.0.0.59)
    - YYModel
  - SJUIKit/SQLite3/Core (0.0.0.59):
    - SJUIKit/SQLite3/Protocol
    - YYModel
  - SJUIKit/SQLite3/Protocol (0.0.0.59):
    - YYModel
  - YYModel (1.0.4)

DEPENDENCIES:
  - Masonry
  - SJMediaCacheServer (= 2.1.6)

SPEC REPOS:
  trunk:
    - Masonry
    - SJMediaCacheServer
    - SJUIKit
    - YYModel

SPEC CHECKSUMS:
  Masonry: 678fab65091a9290e40e2832a55e7ab731aad201
  SJMediaCacheServer: f6cd08ff32f5c6fc18ff06e676b42d6c17ce4cf1
  SJUIKit: a40111941e408cc17d4c1c23495aa92999e814b0
  YYModel: 2a7fdd96aaa4b86a824e26d0c517de8928c04b30

PODFILE CHECKSUM: 709379f715a36b17ac7f09115b3f7b0eac183677

COCOAPODS: 1.16.2
